<?xml version="1.0" encoding="utf-8"?>
<Project ToolsVersion="4.0" xmlns="http://schemas.microsoft.com/developer/msbuild/2003">
  <ItemGroup>
    <Filter Include="inc">
      <UniqueIdentifier>{39108dc3-4e2e-443c-b1e6-cdbae6ccfdbc}</UniqueIdentifier>
    </Filter>
    <Filter Include="src">
      <UniqueIdentifier>{a02d59b4-0a9b-4305-bbf2-22388656c39e}</UniqueIdentifier>
    </Filter>
    <Filter Include="interface">
      <UniqueIdentifier>{75674d9b-3511-44db-8efa-7d02147bddaa}</UniqueIdentifier>
    </Filter>
    <Filter Include="src\Gems">
      <UniqueIdentifier>{9c72d7b2-6129-49f1-92a5-262e080e0011}</UniqueIdentifier>
    </Filter>
    <Filter Include="inc\Gems">
      <UniqueIdentifier>{35149fd2-00a3-45f0-83f3-00f015f11c23}</UniqueIdentifier>
    </Filter>
  </ItemGroup>
  <ItemGroup>
    <ClInclude Include="inc\Common.h">
      <Filter>inc</Filter>
    </ClInclude>
    <ClInclude Include="inc\UsbDeviceManager.h">
      <Filter>inc</Filter>
    </ClInclude>
    <ClInclude Include="inc\FadeCandyDevice.h">
      <Filter>inc</Filter>
    </ClInclude>
    <ClInclude Include="interface\IDeviceDiscoveryListener.h">
      <Filter>interface</Filter>
    </ClInclude>
    <ClInclude Include="interface\IWriteablePixelEndpoint.h">
      <Filter>interface</Filter>
    </ClInclude>
    <ClInclude Include="inc\Prism.h">
      <Filter>inc</Filter>
    </ClInclude>
    <ClInclude Include="interface\IGem.h">
      <Filter>interface</Filter>
    </ClInclude>
    <ClInclude Include="inc\Gems\ColorPeaks.h">
      <Filter>inc\Gems</Filter>
    </ClInclude>
  </ItemGroup>
  <ItemGroup>
    <ClCompile Include="src\UsbDeviceManager.cpp">
      <Filter>src</Filter>
    </ClCompile>
    <ClCompile Include="src\FadeCandyDevice.cpp">
      <Filter>src</Filter>
    </ClCompile>
    <ClCompile Include="src\Prism.cpp">
      <Filter>src</Filter>
    </ClCompile>
    <ClCompile Include="src\Gems\ColorPeaks.cpp">
      <Filter>src\Gems</Filter>
    </ClCompile>
  </ItemGroup>
</Project>